
Microsoft Visual Studio Solution File, Format Version 12.00
# Visual Studio Version 16
VisualStudioVersion = 16.0.31424.327
MinimumVisualStudioVersion = 10.0.40219.1
Project("{FAE04EC0-301F-11D3-BF4B-00C04F79EFBC}") = "Win11Check", "Win11Check.csproj", "{B33C14FE-9B27-495A-8CAF-ECE2FA5C6620}"
EndProject
Global
	GlobalSection(SolutionConfigurationPlatforms) = preSolution
		Debug|Any CPU = Debug|Any CPU
		Release|Any CPU = Release|Any CPU
	EndGlobalSection
	GlobalSection(ProjectConfigurationPlatforms) = postSolution
		{B33C14FE-9B27-495A-8CAF-ECE2FA5C6620}.Debug|Any CPU.ActiveCfg = Debug|Any CPU
		{B33C14FE-9B27-495A-8CAF-ECE2FA5C6620}.Debug|Any CPU.Build.0 = Debug|Any CPU
		{B33C14FE-9B27-495A-8CAF-ECE2FA5C6620}.Release|Any CPU.ActiveCfg = Release|Any CPU
		{B33C14FE-9B27-495A-8CAF-ECE2FA5C6620}.Release|Any CPU.Build.0 = Release|Any CPU
	EndGlobalSection
	GlobalSection(SolutionProperties) = preSolution
		HideSolutionNode = FALSE
	EndGlobalSection
	GlobalSection(ExtensibilityGlobals) = postSolution
		SolutionGuid = {C1DE3712-CE84-4097-9AE0-8026E808789A}
	EndGlobalSection
EndGlobal
